<?xml version="1.0" encoding="utf-8"?>
<Project ToolsVersion="4.0" xmlns="http://schemas.microsoft.com/developer/msbuild/2003">
  <ItemGroup>
    <Filter Include="Editor">
      <UniqueIdentifier>{4FC737F1-C7A5-4376-A066-2A32D752A2FF}</UniqueIdentifier>
      <Extensions>cpp;c;cc;cxx;c++;cppm;ixx;def;odl;idl;hpj;bat;asm;asmx</Extensions>
    </Filter>
    <Filter Include="RecursosEditor">
      <UniqueIdentifier>{67DA6AB6-F800-4c08-8B7A-83BB121AAD01}</UniqueIdentifier>
      <Extensions>rc;ico;cur;bmp;dlg;rc2;rct;bin;rgs;gif;jpg;jpeg;jpe;resx;tiff;tif;png;wav;mfcribbon-ms</Extensions>
    </Filter>
    <Filter Include="RecursosEditor\IMGUI">
      <UniqueIdentifier>{f5ba0e0f-54d8-44f6-a414-db45cc2ebfea}</UniqueIdentifier>
    </Filter>
    <Filter Include="Editor\01_INTERFACE">
      <UniqueIdentifier>{30a912bd-ae9a-45fa-96d2-1256e31f9470}</UniqueIdentifier>
    </Filter>
    <Filter Include="Editor\02_InspectorDrawer">
      <UniqueIdentifier>{fa1f4ebd-6a25-4cc4-ae36-5e4b3c5a1af8}</UniqueIdentifier>
    </Filter>
    <Filter Include="Editor\02_InspectorDrawer\Components">
      <UniqueIdentifier>{de6d0e30-4fc6-4797-ad19-6d6fa7726378}</UniqueIdentifier>
    </Filter>
    <Filter Include="Editor\03_EditorComponents">
      <UniqueIdentifier>{6723af8d-0879-47cb-8e60-95ced42b9b7a}</UniqueIdentifier>
    </Filter>
    <Filter Include="Editor\03_EditorComponents\Save">
      <UniqueIdentifier>{a76da2c2-0cb3-42b0-b5a4-5224ae210971}</UniqueIdentifier>
    </Filter>
    <Filter Include="Editor\04_UI">
      <UniqueIdentifier>{3d12b6d9-648a-4459-9608-98a8c4679df6}</UniqueIdentifier>
    </Filter>
    <Filter Include="Editor\04_UI\Behaviour">
      <UniqueIdentifier>{4ce65440-160b-4f3c-9c7a-9486323face9}</UniqueIdentifier>
    </Filter>
    <Filter Include="Editor\04_UI\EditorGUI">
      <UniqueIdentifier>{342ce20b-ea34-4e58-a406-a0fb28daf849}</UniqueIdentifier>
    </Filter>
    <Filter Include="Editor\04_UI\Gizmos">
      <UniqueIdentifier>{fada7000-4c4a-4129-9b23-11dfb4618648}</UniqueIdentifier>
    </Filter>
  </ItemGroup>
  <ItemGroup>
    <ClCompile Include="..\Binarys\c\glad.c">
      <Filter>RecursosEditor</Filter>
    </ClCompile>
    <ClCompile Include="..\Binarys\include\imgui\imgui_demo.cpp">
      <Filter>RecursosEditor\IMGUI</Filter>
    </ClCompile>
    <ClCompile Include="..\Binarys\include\imgui\imgui_draw.cpp">
      <Filter>RecursosEditor\IMGUI</Filter>
    </ClCompile>
    <ClCompile Include="..\Binarys\include\imgui\imgui_impl_glfw.cpp">
      <Filter>RecursosEditor\IMGUI</Filter>
    </ClCompile>
    <ClCompile Include="..\Binarys\include\imgui\imgui_impl_opengl3.cpp">
      <Filter>RecursosEditor\IMGUI</Filter>
    </ClCompile>
    <ClCompile Include="..\Binarys\include\imgui\imgui_tables.cpp">
      <Filter>RecursosEditor\IMGUI</Filter>
    </ClCompile>
    <ClCompile Include="..\Binarys\include\imgui\imgui_widgets.cpp">
      <Filter>RecursosEditor\IMGUI</Filter>
    </ClCompile>
    <ClCompile Include="..\Binarys\include\imgui\imgui.cpp">
      <Filter>RecursosEditor\IMGUI</Filter>
    </ClCompile>
    <ClCompile Include="source\UI\UIDrawer.cpp">
      <Filter>Editor\04_UI\Behaviour</Filter>
    </ClCompile>
    <ClCompile Include="source\UI\UIManager.cpp">
      <Filter>Editor\04_UI\Behaviour</Filter>
    </ClCompile>
    <ClCompile Include="source\UI\HUDS\SceneUI.cpp">
      <Filter>Editor\04_UI</Filter>
    </ClCompile>
    <ClCompile Include="source\UI\HUDS\Inspector.cpp">
      <Filter>Editor\04_UI</Filter>
    </ClCompile>
    <ClCompile Include="source\UI\HUDS\Hierarchy.cpp">
      <Filter>Editor\04_UI</Filter>
    </ClCompile>
    <ClCompile Include="source\UI\EditorUI\EditorGUI.cpp">
      <Filter>Editor\04_UI\EditorGUI</Filter>
    </ClCompile>
    <ClCompile Include="source\Editor\GoldEditor.cpp">
      <Filter>Editor\01_INTERFACE</Filter>
    </ClCompile>
    <ClCompile Include="source\Inspector\DrawComponents.cpp">
      <Filter>Editor\02_InspectorDrawer</Filter>
    </ClCompile>
    <ClCompile Include="source\Inspector\AComponent.cpp">
      <Filter>Editor\02_InspectorDrawer</Filter>
    </ClCompile>
    <ClCompile Include="source\Inspector\Components\CAudio.cpp">
      <Filter>Editor\02_InspectorDrawer\Components</Filter>
    </ClCompile>
    <ClCompile Include="source\Inspector\Components\CSprite.cpp">
      <Filter>Editor\02_InspectorDrawer\Components</Filter>
    </ClCompile>
    <ClCompile Include="source\Inspector\InspectorComponents.cpp">
      <Filter>Editor\02_InspectorDrawer</Filter>
    </ClCompile>
    <ClCompile Include="source\UI\HUDS\RightClickUI.cpp">
      <Filter>Editor\04_UI</Filter>
    </ClCompile>
    <ClCompile Include="source\Inspector\Components\CScript.cpp">
      <Filter>Editor\02_InspectorDrawer\Components</Filter>
    </ClCompile>
    <ClCompile Include="source\Inspector\ScriptEditor.cpp">
      <Filter>Editor\02_InspectorDrawer</Filter>
    </ClCompile>
    <ClCompile Include="source\Inspector\Components\CRigidBody.cpp">
      <Filter>Editor\02_InspectorDrawer\Components</Filter>
    </ClCompile>
    <ClCompile Include="source\Inspector\ComponentList.cpp">
      <Filter>Editor</Filter>
    </ClCompile>
    <ClCompile Include="source\Inspector\ComponentUIDrawer.cpp">
      <Filter>Editor\02_InspectorDrawer</Filter>
    </ClCompile>
    <ClCompile Include="source\Components\Data\SaveData.cpp">
      <Filter>Editor\03_EditorComponents\Save</Filter>
    </ClCompile>
    <ClCompile Include="source\Gizmos\MoveGizmos.cpp">
      <Filter>Editor\04_UI\Gizmos</Filter>
    </ClCompile>
  </ItemGroup>
  <ItemGroup>
    <ClInclude Include="resource.h" />
    <ClInclude Include="..\Binarys\include\imgui\imgui.h">
      <Filter>RecursosEditor\IMGUI</Filter>
    </ClInclude>
    <ClInclude Include="..\Binarys\include\imgui\imgui_impl_glfw.h">
      <Filter>RecursosEditor\IMGUI</Filter>
    </ClInclude>
    <ClInclude Include="..\Binarys\include\imgui\imgui_impl_opengl3.h">
      <Filter>RecursosEditor\IMGUI</Filter>
    </ClInclude>
    <ClInclude Include="..\Binarys\include\imgui\imgui_impl_opengl3_loader.h">
      <Filter>RecursosEditor\IMGUI</Filter>
    </ClInclude>
    <ClInclude Include="..\Binarys\include\imgui\imgui_internal.h">
      <Filter>RecursosEditor\IMGUI</Filter>
    </ClInclude>
    <ClInclude Include="..\Binarys\include\imgui\imstb_rectpack.h">
      <Filter>RecursosEditor\IMGUI</Filter>
    </ClInclude>
    <ClInclude Include="..\Binarys\include\imgui\imstb_textedit.h">
      <Filter>RecursosEditor\IMGUI</Filter>
    </ClInclude>
    <ClInclude Include="..\Binarys\include\imgui\imstb_truetype.h">
      <Filter>RecursosEditor\IMGUI</Filter>
    </ClInclude>
    <ClInclude Include="..\Binarys\include\imgui\imconfig.h">
      <Filter>RecursosEditor\IMGUI</Filter>
    </ClInclude>
    <ClInclude Include="source\UI\UIDrawer.h">
      <Filter>Editor\04_UI\Behaviour</Filter>
    </ClInclude>
    <ClInclude Include="source\UI\HUDS\SceneUI.h">
      <Filter>Editor\04_UI</Filter>
    </ClInclude>
    <ClInclude Include="source\UI\UIManager.h">
      <Filter>Editor\04_UI\Behaviour</Filter>
    </ClInclude>
    <ClInclude Include="source\UI\HUDS\BarMenuUI.h">
      <Filter>Editor\04_UI</Filter>
    </ClInclude>
    <ClInclude Include="source\UI\HUDS\HierarchyUI.h">
      <Filter>Editor\04_UI</Filter>
    </ClInclude>
    <ClInclude Include="source\UI\HUDS\Assets.h">
      <Filter>Editor\04_UI</Filter>
    </ClInclude>
    <ClInclude Include="source\UI\HUDS\Inspector.h">
      <Filter>Editor\04_UI</Filter>
    </ClInclude>
    <ClInclude Include="source\UI\EditorUI\EditorGUI.h">
      <Filter>Editor\04_UI\EditorGUI</Filter>
    </ClInclude>
    <ClInclude Include="source\Editor\GoldEditor.h">
      <Filter>Editor\01_INTERFACE</Filter>
    </ClInclude>
    <ClInclude Include="source\Inspector\DrawComponents.h">
      <Filter>Editor\02_InspectorDrawer</Filter>
    </ClInclude>
    <ClInclude Include="source\Inspector\AComponent.h">
      <Filter>Editor\02_InspectorDrawer</Filter>
    </ClInclude>
    <ClInclude Include="source\Inspector\Components\CAudio.h">
      <Filter>Editor\02_InspectorDrawer\Components</Filter>
    </ClInclude>
    <ClInclude Include="source\Inspector\Components\CSprite.h">
      <Filter>Editor\02_InspectorDrawer\Components</Filter>
    </ClInclude>
    <ClInclude Include="source\Inspector\InspectorComponents.h">
      <Filter>Editor\02_InspectorDrawer</Filter>
    </ClInclude>
    <ClInclude Include="source\UI\HUDS\RightClickUI.h">
      <Filter>Editor\04_UI</Filter>
    </ClInclude>
    <ClInclude Include="source\Inspector\Components\CScript.h">
      <Filter>Editor\02_InspectorDrawer\Components</Filter>
    </ClInclude>
    <ClInclude Include="source\Inspector\ScriptEditor.h">
      <Filter>Editor\02_InspectorDrawer</Filter>
    </ClInclude>
    <ClInclude Include="source\Inspector\Components\CRigidBody.h">
      <Filter>Editor\02_InspectorDrawer\Components</Filter>
    </ClInclude>
    <ClInclude Include="source\Inspector\ComponentList.h">
      <Filter>Editor</Filter>
    </ClInclude>
    <ClInclude Include="source\Inspector\ComponentUIDrawer.h">
      <Filter>Editor\02_InspectorDrawer</Filter>
    </ClInclude>
    <ClInclude Include="source\Components\Data\SaveData.h">
      <Filter>Editor\03_EditorComponents\Save</Filter>
    </ClInclude>
    <ClInclude Include="source\Gizmos\MoveGizmos.h">
      <Filter>Editor\04_UI\Gizmos</Filter>
    </ClInclude>
  </ItemGroup>
  <ItemGroup>
    <Image Include="..\source\icons\Icon.ico">
      <Filter>RecursosEditor</Filter>
    </Image>
    <Image Include="..\source\icons\engineIcon.png">
      <Filter>RecursosEditor</Filter>
    </Image>
    <Image Include="..\source\icons\bitmap1.bmp">
      <Filter>RecursosEditor</Filter>
    </Image>
  </ItemGroup>
  <ItemGroup>
    <ResourceCompile Include="GoldEditor.rc">
      <Filter>RecursosEditor</Filter>
    </ResourceCompile>
  </ItemGroup>
</Project>