<?xml version="1.0" encoding="utf-8"?>
<Project ToolsVersion="4.0" xmlns="http://schemas.microsoft.com/developer/msbuild/2003">
  <ItemGroup>
    <Filter Include="Recursos">
      <UniqueIdentifier>{67DA6AB6-F800-4c08-8B7A-83BB121AAD01}</UniqueIdentifier>
      <Extensions>rc;ico;cur;bmp;dlg;rc2;rct;bin;rgs;gif;jpg;jpeg;jpe;resx;tiff;tif;png;wav;mfcribbon-ms</Extensions>
    </Filter>
    <Filter Include="Recursos\IMGUI">
      <UniqueIdentifier>{f5ba0e0f-54d8-44f6-a414-db45cc2ebfea}</UniqueIdentifier>
    </Filter>
    <Filter Include="Editor">
      <UniqueIdentifier>{4FC737F1-C7A5-4376-A066-2A32D752A2FF}</UniqueIdentifier>
      <Extensions>cpp;c;cc;cxx;c++;cppm;ixx;def;odl;idl;hpj;bat;asm;asmx</Extensions>
    </Filter>
    <Filter Include="Components">
      <UniqueIdentifier>{4d79921c-d649-4625-94e6-6645ae1a90ff}</UniqueIdentifier>
    </Filter>
    <Filter Include="Components\UI">
      <UniqueIdentifier>{3d12b6d9-648a-4459-9608-98a8c4679df6}</UniqueIdentifier>
    </Filter>
    <Filter Include="Components\UI\Behaviour">
      <UniqueIdentifier>{4ce65440-160b-4f3c-9c7a-9486323face9}</UniqueIdentifier>
    </Filter>
  </ItemGroup>
  <ItemGroup>
    <ClCompile Include="..\Binarys\c\glad.c">
      <Filter>Recursos</Filter>
    </ClCompile>
    <ClCompile Include="source\Editor\GoldEditor.cpp">
      <Filter>Editor</Filter>
    </ClCompile>
    <ClCompile Include="..\Binarys\include\imgui\imgui_demo.cpp">
      <Filter>Recursos\IMGUI</Filter>
    </ClCompile>
    <ClCompile Include="..\Binarys\include\imgui\imgui_draw.cpp">
      <Filter>Recursos\IMGUI</Filter>
    </ClCompile>
    <ClCompile Include="..\Binarys\include\imgui\imgui_impl_glfw.cpp">
      <Filter>Recursos\IMGUI</Filter>
    </ClCompile>
    <ClCompile Include="..\Binarys\include\imgui\imgui_impl_opengl3.cpp">
      <Filter>Recursos\IMGUI</Filter>
    </ClCompile>
    <ClCompile Include="..\Binarys\include\imgui\imgui_tables.cpp">
      <Filter>Recursos\IMGUI</Filter>
    </ClCompile>
    <ClCompile Include="..\Binarys\include\imgui\imgui_widgets.cpp">
      <Filter>Recursos\IMGUI</Filter>
    </ClCompile>
    <ClCompile Include="..\Binarys\include\imgui\imgui.cpp">
      <Filter>Recursos\IMGUI</Filter>
    </ClCompile>
    <ClCompile Include="source\UI\UIDrawer.cpp">
      <Filter>Components\UI\Behaviour</Filter>
    </ClCompile>
  </ItemGroup>
  <ItemGroup>
    <ClInclude Include="resource.h" />
    <ClInclude Include="source\Editor\GoldEditor.h">
      <Filter>Editor</Filter>
    </ClInclude>
    <ClInclude Include="..\Binarys\include\imgui\imgui.h">
      <Filter>Recursos\IMGUI</Filter>
    </ClInclude>
    <ClInclude Include="..\Binarys\include\imgui\imgui_impl_glfw.h">
      <Filter>Recursos\IMGUI</Filter>
    </ClInclude>
    <ClInclude Include="..\Binarys\include\imgui\imgui_impl_opengl3.h">
      <Filter>Recursos\IMGUI</Filter>
    </ClInclude>
    <ClInclude Include="..\Binarys\include\imgui\imgui_impl_opengl3_loader.h">
      <Filter>Recursos\IMGUI</Filter>
    </ClInclude>
    <ClInclude Include="..\Binarys\include\imgui\imgui_internal.h">
      <Filter>Recursos\IMGUI</Filter>
    </ClInclude>
    <ClInclude Include="..\Binarys\include\imgui\imstb_rectpack.h">
      <Filter>Recursos\IMGUI</Filter>
    </ClInclude>
    <ClInclude Include="..\Binarys\include\imgui\imstb_textedit.h">
      <Filter>Recursos\IMGUI</Filter>
    </ClInclude>
    <ClInclude Include="..\Binarys\include\imgui\imstb_truetype.h">
      <Filter>Recursos\IMGUI</Filter>
    </ClInclude>
    <ClInclude Include="..\Binarys\include\imgui\imconfig.h">
      <Filter>Recursos\IMGUI</Filter>
    </ClInclude>
    <ClInclude Include="source\UI\UIDrawer.h">
      <Filter>Components\UI\Behaviour</Filter>
    </ClInclude>
    <ClInclude Include="source\UI\HUDS\SceneUI.h">
      <Filter>Components\UI</Filter>
    </ClInclude>
    <ClInclude Include="source\UI\UIManager.h">
      <Filter>Components\UI\Behaviour</Filter>
    </ClInclude>
  </ItemGroup>
  <ItemGroup>
    <Image Include="..\source\icons\Icon.ico">
      <Filter>Recursos</Filter>
    </Image>
    <Image Include="..\source\icons\engineIcon.png">
      <Filter>Recursos</Filter>
    </Image>
    <Image Include="..\source\icons\bitmap1.bmp">
      <Filter>Recursos</Filter>
    </Image>
  </ItemGroup>
  <ItemGroup>
    <ResourceCompile Include="GoldEditor.rc">
      <Filter>Recursos</Filter>
    </ResourceCompile>
  </ItemGroup>
</Project>