<?xml version="1.0" encoding="utf-8"?>
<Project ToolsVersion="4.0" xmlns="http://schemas.microsoft.com/developer/msbuild/2003">
  <ItemGroup>
    <Filter Include="01_GameApp">
      <UniqueIdentifier>{4FC737F1-C7A5-4376-A066-2A32D752A2FF}</UniqueIdentifier>
      <Extensions>cpp;c;cc;cxx;c++;cppm;ixx;def;odl;idl;hpj;bat;asm;asmx</Extensions>
    </Filter>
    <Filter Include="02_Components">
      <UniqueIdentifier>{8737d380-3cb3-4d1f-b663-57479133a88a}</UniqueIdentifier>
    </Filter>
  </ItemGroup>
  <ItemGroup>
    <ClCompile Include="source\window\GoldGame.cpp">
      <Filter>01_GameApp</Filter>
    </ClCompile>
    <ClCompile Include="source\components\SaveData.cpp">
      <Filter>02_Components</Filter>
    </ClCompile>
  </ItemGroup>
  <ItemGroup>
    <ClInclude Include="source\window\GoldGame.h">
      <Filter>01_GameApp</Filter>
    </ClInclude>
    <ClInclude Include="source\components\SaveData.h">
      <Filter>02_Components</Filter>
    </ClInclude>
  </ItemGroup>
  <ItemGroup>
    <None Include="packages.config" />
  </ItemGroup>
</Project>