<?xml version="1.0" encoding="utf-8"?>
<Project ToolsVersion="4.0" xmlns="http://schemas.microsoft.com/developer/msbuild/2003">
  <ItemGroup>
    <Filter Include="Files">
      <UniqueIdentifier>{4FC737F1-C7A5-4376-A066-2A32D752A2FF}</UniqueIdentifier>
      <Extensions>cpp;c;cc;cxx;c++;cppm;ixx;def;odl;idl;hpj;bat;asm;asmx</Extensions>
    </Filter>
    <Filter Include="Recursos">
      <UniqueIdentifier>{38492d02-a1b9-43ce-ab53-b5d9404767d1}</UniqueIdentifier>
    </Filter>
  </ItemGroup>
  <ItemGroup>
    <ClCompile Include="source\GoldHub.cpp">
      <Filter>Files</Filter>
    </ClCompile>
    <ClCompile Include="..\Binarys\c\glad.c">
      <Filter>Recursos</Filter>
    </ClCompile>
    <ClCompile Include="..\Binarys\include\imgui\imgui.cpp">
      <Filter>Recursos</Filter>
    </ClCompile>
    <ClCompile Include="..\Binarys\include\imgui\imgui_demo.cpp">
      <Filter>Recursos</Filter>
    </ClCompile>
    <ClCompile Include="..\Binarys\include\imgui\imgui_draw.cpp">
      <Filter>Recursos</Filter>
    </ClCompile>
    <ClCompile Include="..\Binarys\include\imgui\imgui_impl_glfw.cpp">
      <Filter>Recursos</Filter>
    </ClCompile>
    <ClCompile Include="..\Binarys\include\imgui\imgui_impl_opengl3.cpp">
      <Filter>Recursos</Filter>
    </ClCompile>
    <ClCompile Include="..\Binarys\include\imgui\imgui_tables.cpp">
      <Filter>Recursos</Filter>
    </ClCompile>
    <ClCompile Include="..\Binarys\include\imgui\imgui_widgets.cpp">
      <Filter>Recursos</Filter>
    </ClCompile>
  </ItemGroup>
  <ItemGroup>
    <ClInclude Include="source\GoldHub.h">
      <Filter>Files</Filter>
    </ClInclude>
    <ClInclude Include="..\Binarys\include\imgui\imconfig.h">
      <Filter>Recursos</Filter>
    </ClInclude>
    <ClInclude Include="..\Binarys\include\imgui\imgui.h">
      <Filter>Recursos</Filter>
    </ClInclude>
    <ClInclude Include="..\Binarys\include\imgui\imgui_impl_glfw.h">
      <Filter>Recursos</Filter>
    </ClInclude>
    <ClInclude Include="..\Binarys\include\imgui\imgui_impl_opengl3.h">
      <Filter>Recursos</Filter>
    </ClInclude>
    <ClInclude Include="..\Binarys\include\imgui\imgui_impl_opengl3_loader.h">
      <Filter>Recursos</Filter>
    </ClInclude>
    <ClInclude Include="..\Binarys\include\imgui\imgui_internal.h">
      <Filter>Recursos</Filter>
    </ClInclude>
    <ClInclude Include="..\Binarys\include\imgui\imstb_rectpack.h">
      <Filter>Recursos</Filter>
    </ClInclude>
    <ClInclude Include="..\Binarys\include\imgui\imstb_textedit.h">
      <Filter>Recursos</Filter>
    </ClInclude>
    <ClInclude Include="..\Binarys\include\imgui\imstb_truetype.h">
      <Filter>Recursos</Filter>
    </ClInclude>
  </ItemGroup>
  <ItemGroup>
    <None Include="packages.config" />
  </ItemGroup>
</Project>